{
    "_readme": [
        "This file locks the dependencies of your project to a known state",
        "Read more about it at https://getcomposer.org/doc/01-basic-usage.md#installing-dependencies",
        "This file is @generated automatically"
    ],
    "content-hash": "ecb491dd7ee7a61715c9e7fd280fa5aa",
    "packages": [
        {
            "name": "rubyqorn/db-manipulator",
            "version": "v1.0",
            "source": {
                "type": "git",
                "url": "https://github.com/rubyqorn/db-manipulator.git",
                "reference": "eb0f233ec5460155857b0a2f34b180e642c4c9c4"
            },
            "dist": {
                "type": "zip",
                "url": "https://api.github.com/repos/rubyqorn/db-manipulator/zipball/eb0f233ec5460155857b0a2f34b180e642c4c9c4",
                "reference": "eb0f233ec5460155857b0a2f34b180e642c4c9c4",
                "shasum": ""
            },
            "require-dev": {
                "phpunit/dbunit": "^4.0",
                "phpunit/phpunit": "7.5.9"
            },
            "type": "library",
            "autoload": {
                "psr-4": {
                    "Manipulator\\": "src/",
                    "Tests\\": "tests/"
                }
            },
            "notification-url": "https://packagist.org/downloads/",
            "license": [
                "MIT"
            ],
            "authors": [
                {
                    "name": "Anton Hideger",
                    "email": "my_email@gmail.com"
                }
            ],
            "description": "Package for comfortable interaction with PHP databases",
            "time": "2020-01-13T16:37:49+00:00"
        }
    ],
    "packages-dev": [],
    "aliases": [],
    "minimum-stability": "stable",
    "stability-flags": [],
    "prefer-stable": false,
    "prefer-lowest": false,
    "platform": [],
    "platform-dev": []
}
